{
  "version": 4,
  "terraform_version": "1.9.2",
  "serial": 319,
  "lineage": "38351ffe-07a9-3138-d3f0-d126bf3822ee",
  "outputs": {},
  "resources": [
    {
      "mode": "data",
      "type": "archive_file",
      "name": "execute_payments_lambda_function",
      "provider": "provider[\"registry.terraform.io/hashicorp/archive\"]",
      "instances": [
        {
          "schema_version": 0,
          "attributes": {
            "exclude_symlink_directories": null,
            "excludes": null,
            "id": "27a2c6ffaa723e5a65baf4796d6c471d09b8e1d2",
            "output_base64sha256": "+/SgSRHDzzSUBBDgN8l1iNvI2c7V8iWHelIuzkF6+R0=",
            "output_base64sha512": "IdcCbyrBU/UrRfRnf4AiEnx7OXOF0vrVbdk/++NdXDd64mAB7aL0s8bXd2/bGc/drccLxWUsAbAe4X8tX5k9tw==",
            "output_file_mode": null,
            "output_md5": "83180762cdadb180b0c0c827b59cd549",
            "output_path": "execute_payments.zip",
            "output_sha": "27a2c6ffaa723e5a65baf4796d6c471d09b8e1d2",
            "output_sha256": "fbf4a04911c3cf34940410e037c97588dbc8d9ced5f225877a522ece417af91d",
            "output_sha512": "21d7026f2ac153f52b45f4677f8022127c7b397385d2fad56dd93ffbe35d5c377ae26001eda2f4b3c6d7776fdb19cfddadc70bc5652c01b01ee17f2d5f993db7",
            "output_size": 1328,
            "source": [],
            "source_content": null,
            "source_content_filename": null,
            "source_dir": null,
            "source_file": "./app/lambdas/execute-payments/index.js",
            "type": "zip"
          },
          "sensitive_attributes": []
        }
      ]
    },
    {
      "mode": "data",
      "type": "archive_file",
      "name": "get_trasaction_lambda_function",
      "provider": "provider[\"registry.terraform.io/hashicorp/archive\"]",
      "instances": [
        {
          "schema_version": 0,
          "attributes": {
            "exclude_symlink_directories": null,
            "excludes": null,
            "id": "c2bc8f18b0165ef44d4ad197b40c653a131836dd",
            "output_base64sha256": "nmImKyXsgJ0Bo3RX8JhpBATsESvOeQW027X6MUjmcXU=",
            "output_base64sha512": "HBWCdwDckRkjZSHLDI+n1fsOM7Bdv7Czuo7j6xDXyY5kAaNXyIeK3P4U3lwhS0soqtqOO9MgPPgTgV+e3fANwA==",
            "output_file_mode": null,
            "output_md5": "225993bfe4ee043c3cab4714d516559a",
            "output_path": "get_transaction.zip",
            "output_sha": "c2bc8f18b0165ef44d4ad197b40c653a131836dd",
            "output_sha256": "9e62262b25ec809d01a37457f098690404ec112bce7905b4dbb5fa3148e67175",
            "output_sha512": "1c15827700dc9119236521cb0c8fa7d5fb0e33b05dbfb0b3ba8ee3eb10d7c98e6401a357c8878adcfe14de5c214b4b28aada8e3bd3203cf813815f9eddf00dc0",
            "output_size": 1805,
            "source": [],
            "source_content": null,
            "source_content_filename": null,
            "source_dir": null,
            "source_file": "./app/lambdas/get-transaction/index.js",
            "type": "zip"
          },
          "sensitive_attributes": []
        }
      ]
    },
    {
      "mode": "data",
      "type": "archive_file",
      "name": "register_activity_lambda_function",
      "provider": "provider[\"registry.terraform.io/hashicorp/archive\"]",
      "instances": [
        {
          "schema_version": 0,
          "attributes": {
            "exclude_symlink_directories": null,
            "excludes": null,
            "id": "46d2cb12d0d3efad8528ea53d3d1893a61d9fbd2",
            "output_base64sha256": "UbpAfGUgniDZwAaqIEPAISiYFC8YPWQg4wAff50qQoQ=",
            "output_base64sha512": "X7ZaDd3oCaT2uVsebepN5xcd4J+GWZGR1a/tZPa4USzCGyoXJs7JziDYErQhuQ9nuevszZlvxSd4c4SxSbMETA==",
            "output_file_mode": null,
            "output_md5": "4860508216e4da71aba7ddc6b6ee5fd6",
            "output_path": "register_activity.zip",
            "output_sha": "46d2cb12d0d3efad8528ea53d3d1893a61d9fbd2",
            "output_sha256": "51ba407c65209e20d9c006aa2043c0212898142f183d6420e3001f7f9d2a4284",
            "output_sha512": "5fb65a0ddde809a4f6b95b1e6dea4de7171de09f86599191d5afed64f6b8512cc21b2a1726cec9ce20d812b421b90f67b9ebeccd996fc527787384b149b3044c",
            "output_size": 2085,
            "source": [],
            "source_content": null,
            "source_content_filename": null,
            "source_dir": null,
            "source_file": "./app/lambdas/register-activity/index.js",
            "type": "zip"
          },
          "sensitive_attributes": []
        }
      ]
    },
    {
      "mode": "data",
      "type": "aws_iam_policy_document",
      "name": "dynamodb_read_log_policy_document",
      "provider": "provider[\"registry.terraform.io/hashicorp/aws\"]",
      "instances": [
        {
          "schema_version": 0,
          "attributes": {
            "id": "2904114405",
            "json": "{\n  \"Version\": \"2012-10-17\",\n  \"Statement\": [\n    {\n      \"Effect\": \"Allow\",\n      \"Action\": [\n        \"dynamodb:UpdateItem\",\n        \"dynamodb:Scan\",\n        \"dynamodb:Query\",\n        \"dynamodb:PutItem\",\n        \"dynamodb:ListStreams\",\n        \"dynamodb:GetShardIterator\",\n        \"dynamodb:GetRecords\",\n        \"dynamodb:GetItem\",\n        \"dynamodb:DescribeStream\",\n        \"dynamodb:DeleteItem\",\n        \"dynamodb:BatchWriteItem\",\n        \"dynamodb:BatchGetItem\"\n      ],\n      \"Resource\": \"*\"\n    },\n    {\n      \"Effect\": \"Allow\",\n      \"Action\": \"logs:*\",\n      \"Resource\": \"*\"\n    }\n  ]\n}",
            "minified_json": "{\"Version\":\"2012-10-17\",\"Statement\":[{\"Effect\":\"Allow\",\"Action\":[\"dynamodb:UpdateItem\",\"dynamodb:Scan\",\"dynamodb:Query\",\"dynamodb:PutItem\",\"dynamodb:ListStreams\",\"dynamodb:GetShardIterator\",\"dynamodb:GetRecords\",\"dynamodb:GetItem\",\"dynamodb:DescribeStream\",\"dynamodb:DeleteItem\",\"dynamodb:BatchWriteItem\",\"dynamodb:BatchGetItem\"],\"Resource\":\"*\"},{\"Effect\":\"Allow\",\"Action\":\"logs:*\",\"Resource\":\"*\"}]}",
            "override_json": null,
            "override_policy_documents": null,
            "policy_id": null,
            "source_json": null,
            "source_policy_documents": null,
            "statement": [
              {
                "actions": [
                  "dynamodb:BatchGetItem",
                  "dynamodb:BatchWriteItem",
                  "dynamodb:DeleteItem",
                  "dynamodb:DescribeStream",
                  "dynamodb:GetItem",
                  "dynamodb:GetRecords",
                  "dynamodb:GetShardIterator",
                  "dynamodb:ListStreams",
                  "dynamodb:PutItem",
                  "dynamodb:Query",
                  "dynamodb:Scan",
                  "dynamodb:UpdateItem"
                ],
                "condition": [],
                "effect": "Allow",
                "not_actions": [],
                "not_principals": [],
                "not_resources": [],
                "principals": [],
                "resources": [
                  "*"
                ],
                "sid": ""
              },
              {
                "actions": [
                  "logs:*"
                ],
                "condition": [],
                "effect": "Allow",
                "not_actions": [],
                "not_principals": [],
                "not_resources": [],
                "principals": [],
                "resources": [
                  "*"
                ],
                "sid": ""
              }
            ],
            "version": "2012-10-17"
          },
          "sensitive_attributes": []
        }
      ]
    },
    {
      "mode": "data",
      "type": "aws_iam_policy_document",
      "name": "policy_start_sfn",
      "provider": "provider[\"registry.terraform.io/hashicorp/aws\"]",
      "instances": [
        {
          "schema_version": 0,
          "attributes": {
            "id": "1870417113",
            "json": "{\n  \"Version\": \"2012-10-17\",\n  \"Statement\": [\n    {\n      \"Sid\": \"ApiGwPolicy\",\n      \"Effect\": \"Allow\",\n      \"Action\": [\n        \"states:StartSyncExecution\",\n        \"states:StartExecution\"\n      ],\n      \"Resource\": \"*\"\n    }\n  ]\n}",
            "minified_json": "{\"Version\":\"2012-10-17\",\"Statement\":[{\"Sid\":\"ApiGwPolicy\",\"Effect\":\"Allow\",\"Action\":[\"states:StartSyncExecution\",\"states:StartExecution\"],\"Resource\":\"*\"}]}",
            "override_json": null,
            "override_policy_documents": null,
            "policy_id": null,
            "source_json": null,
            "source_policy_documents": null,
            "statement": [
              {
                "actions": [
                  "states:StartExecution",
                  "states:StartSyncExecution"
                ],
                "condition": [],
                "effect": "Allow",
                "not_actions": [],
                "not_principals": [],
                "not_resources": [],
                "principals": [],
                "resources": [
                  "*"
                ],
                "sid": "ApiGwPolicy"
              }
            ],
            "version": "2012-10-17"
          },
          "sensitive_attributes": []
        }
      ]
    },
    {
      "mode": "data",
      "type": "aws_iam_policy_document",
      "name": "state_machine_logs_policy_document",
      "provider": "provider[\"registry.terraform.io/hashicorp/aws\"]",
      "instances": [
        {
          "schema_version": 0,
          "attributes": {
            "id": "1825445134",
            "json": "{\n  \"Version\": \"2012-10-17\",\n  \"Statement\": [\n    {\n      \"Effect\": \"Allow\",\n      \"Action\": [\n        \"logs:UpdateLogDelivery\",\n        \"logs:PutResourcePolicy\",\n        \"logs:ListLogDeliveries\",\n        \"logs:GetLogDelivery\",\n        \"logs:DescribeResourcePolicies\",\n        \"logs:DeleteLogDelivery\",\n        \"logs:CreateLogDelivery\"\n      ],\n      \"Resource\": \"*\"\n    },\n    {\n      \"Effect\": \"Allow\",\n      \"Action\": [\n        \"logs:PutLogEvents\",\n        \"logs:PutDestinationPolicy\",\n        \"logs:PutDestination\"\n      ],\n      \"Resource\": \"arn:aws:logs:us-east-2:430767575751:log-group:/aws/vendedlogs/states/payments-state-machine-log-group:*\"\n    },\n    {\n      \"Effect\": \"Allow\",\n      \"Action\": \"dynamodb:GetItem\",\n      \"Resource\": \"arn:aws:dynamodb:us-east-2:430767575751:table/tf-users\"\n    },\n    {\n      \"Effect\": \"Allow\",\n      \"Action\": \"dynamodb:PutItem\",\n      \"Resource\": \"arn:aws:dynamodb:us-east-2:430767575751:table/tf-transactions\"\n    },\n    {\n      \"Effect\": \"Allow\",\n      \"Action\": \"lambda:InvokeFunction\",\n      \"Resource\": \"arn:aws:lambda:us-east-2:430767575751:function:execute_payments_lambda_function\"\n    }\n  ]\n}",
            "minified_json": "{\"Version\":\"2012-10-17\",\"Statement\":[{\"Effect\":\"Allow\",\"Action\":[\"logs:UpdateLogDelivery\",\"logs:PutResourcePolicy\",\"logs:ListLogDeliveries\",\"logs:GetLogDelivery\",\"logs:DescribeResourcePolicies\",\"logs:DeleteLogDelivery\",\"logs:CreateLogDelivery\"],\"Resource\":\"*\"},{\"Effect\":\"Allow\",\"Action\":[\"logs:PutLogEvents\",\"logs:PutDestinationPolicy\",\"logs:PutDestination\"],\"Resource\":\"arn:aws:logs:us-east-2:430767575751:log-group:/aws/vendedlogs/states/payments-state-machine-log-group:*\"},{\"Effect\":\"Allow\",\"Action\":\"dynamodb:GetItem\",\"Resource\":\"arn:aws:dynamodb:us-east-2:430767575751:table/tf-users\"},{\"Effect\":\"Allow\",\"Action\":\"dynamodb:PutItem\",\"Resource\":\"arn:aws:dynamodb:us-east-2:430767575751:table/tf-transactions\"},{\"Effect\":\"Allow\",\"Action\":\"lambda:InvokeFunction\",\"Resource\":\"arn:aws:lambda:us-east-2:430767575751:function:execute_payments_lambda_function\"}]}",
            "override_json": null,
            "override_policy_documents": null,
            "policy_id": null,
            "source_json": null,
            "source_policy_documents": null,
            "statement": [
              {
                "actions": [
                  "logs:CreateLogDelivery",
                  "logs:DeleteLogDelivery",
                  "logs:DescribeResourcePolicies",
                  "logs:GetLogDelivery",
                  "logs:ListLogDeliveries",
                  "logs:PutResourcePolicy",
                  "logs:UpdateLogDelivery"
                ],
                "condition": [],
                "effect": "Allow",
                "not_actions": [],
                "not_principals": [],
                "not_resources": [],
                "principals": [],
                "resources": [
                  "*"
                ],
                "sid": ""
              },
              {
                "actions": [
                  "logs:PutDestination",
                  "logs:PutDestinationPolicy",
                  "logs:PutLogEvents"
                ],
                "condition": [],
                "effect": "Allow",
                "not_actions": [],
                "not_principals": [],
                "not_resources": [],
                "principals": [],
                "resources": [
                  "arn:aws:logs:us-east-2:430767575751:log-group:/aws/vendedlogs/states/payments-state-machine-log-group:*"
                ],
                "sid": ""
              },
              {
                "actions": [
                  "dynamodb:GetItem"
                ],
                "condition": [],
                "effect": "Allow",
                "not_actions": [],
                "not_principals": [],
                "not_resources": [],
                "principals": [],
                "resources": [
                  "arn:aws:dynamodb:us-east-2:430767575751:table/tf-users"
                ],
                "sid": ""
              },
              {
                "actions": [
                  "dynamodb:PutItem"
                ],
                "condition": [],
                "effect": "Allow",
                "not_actions": [],
                "not_principals": [],
                "not_resources": [],
                "principals": [],
                "resources": [
                  "arn:aws:dynamodb:us-east-2:430767575751:table/tf-transactions"
                ],
                "sid": ""
              },
              {
                "actions": [
                  "lambda:InvokeFunction"
                ],
                "condition": [],
                "effect": "Allow",
                "not_actions": [],
                "not_principals": [],
                "not_resources": [],
                "principals": [],
                "resources": [
                  "arn:aws:lambda:us-east-2:430767575751:function:execute_payments_lambda_function"
                ],
                "sid": ""
              }
            ],
            "version": "2012-10-17"
          },
          "sensitive_attributes": []
        }
      ]
    },
    {
      "mode": "managed",
      "type": "aws_api_gateway_integration",
      "name": "challenge_api_integration",
      "provider": "provider[\"registry.terraform.io/hashicorp/aws\"]",
      "instances": [
        {
          "schema_version": 0,
          "attributes": {
            "cache_key_parameters": null,
            "cache_namespace": "bvctwb",
            "connection_id": "",
            "connection_type": "INTERNET",
            "content_handling": "",
            "credentials": "arn:aws:iam::430767575751:role/api-gateway-invoke-step-functions-role",
            "http_method": "POST",
            "id": "agi-a3klckvq94-bvctwb-POST",
            "integration_http_method": "POST",
            "passthrough_behavior": "WHEN_NO_MATCH",
            "request_parameters": null,
            "request_templates": {
              "application/json": "      {\n        \"input\": \"$util.escapeJavaScript($input.json('$'))\",\n        \"stateMachineArn\": \"arn:aws:states:us-east-2:430767575751:stateMachine:v1_payment_state_machine\"\n      }\n"
            },
            "resource_id": "bvctwb",
            "rest_api_id": "a3klckvq94",
            "timeout_milliseconds": 29000,
            "tls_config": [],
            "type": "AWS",
            "uri": "arn:aws:apigateway:us-east-2:states:action/StartSyncExecution"
          },
          "sensitive_attributes": [],
          "private": "bnVsbA==",
          "dependencies": [
            "aws_api_gateway_method.payment_method",
            "aws_api_gateway_resource.payment_resource",
            "aws_api_gateway_rest_api.challenge_api",
            "aws_cloudwatch_log_group.payment_state_machine_log_group_v1",
            "aws_dynamodb_table.transactions",
            "aws_dynamodb_table.users",
            "aws_iam_role.api_gateway_invoke_step_functions_role",
            "aws_iam_role.lambda_role",
            "aws_iam_role.step_function_role",
            "aws_lambda_function.v0_execute_payment_lambda",
            "aws_sfn_state_machine.v1_payment_state_machine",
            "data.archive_file.execute_payments_lambda_function"
          ]
        }
      ]
    },
    {
      "mode": "managed",
      "type": "aws_api_gateway_integration_response",
      "name": "payment_response",
      "provider": "provider[\"registry.terraform.io/hashicorp/aws\"]",
      "instances": [
        {
          "schema_version": 0,
          "attributes": {
            "content_handling": "",
            "http_method": "POST",
            "id": "agir-a3klckvq94-bvctwb-POST-201",
            "resource_id": "bvctwb",
            "response_parameters": null,
            "response_templates": {
              "application/json": "      #if($input.path('$.status').toString().equals(\"FAILED\"))\n        #set($context.responseOverride.status = 400)\n        {\n          \"message\": \"$input.path('$.cause')\"\n        }\n        #else\n        #set($outputString = $input.path('$.output'))\n        #set($outputJson = $util.parseJson($outputString))\n        {\n          \"message\": \"$util.escapeJavaScript($outputJson.value.message)\",\n          \"transactionId\": \"$util.escapeJavaScript($outputJson.value.transactionId)\"\n        }\n      #end\n"
            },
            "rest_api_id": "a3klckvq94",
            "selection_pattern": "",
            "status_code": "201"
          },
          "sensitive_attributes": [],
          "private": "bnVsbA==",
          "dependencies": [
            "aws_api_gateway_integration.challenge_api_integration",
            "aws_api_gateway_method.payment_method",
            "aws_api_gateway_method_response.payment_method_response",
            "aws_api_gateway_resource.payment_resource",
            "aws_api_gateway_rest_api.challenge_api",
            "aws_cloudwatch_log_group.payment_state_machine_log_group_v1",
            "aws_dynamodb_table.transactions",
            "aws_dynamodb_table.users",
            "aws_iam_role.api_gateway_invoke_step_functions_role",
            "aws_iam_role.lambda_role",
            "aws_iam_role.step_function_role",
            "aws_lambda_function.v0_execute_payment_lambda",
            "aws_sfn_state_machine.v1_payment_state_machine",
            "data.archive_file.execute_payments_lambda_function"
          ]
        }
      ]
    },
    {
      "mode": "managed",
      "type": "aws_api_gateway_method",
      "name": "payment_method",
      "provider": "provider[\"registry.terraform.io/hashicorp/aws\"]",
      "instances": [
        {
          "schema_version": 0,
          "attributes": {
            "api_key_required": false,
            "authorization": "NONE",
            "authorization_scopes": null,
            "authorizer_id": null,
            "http_method": "POST",
            "id": "agm-a3klckvq94-bvctwb-POST",
            "operation_name": null,
            "request_models": null,
            "request_parameters": null,
            "request_validator_id": null,
            "resource_id": "bvctwb",
            "rest_api_id": "a3klckvq94"
          },
          "sensitive_attributes": [],
          "private": "bnVsbA==",
          "dependencies": [
            "aws_api_gateway_resource.payment_resource",
            "aws_api_gateway_rest_api.challenge_api"
          ]
        }
      ]
    },
    {
      "mode": "managed",
      "type": "aws_api_gateway_method_response",
      "name": "payment_method_response",
      "provider": "provider[\"registry.terraform.io/hashicorp/aws\"]",
      "instances": [
        {
          "schema_version": 0,
          "attributes": {
            "http_method": "POST",
            "id": "agmr-a3klckvq94-bvctwb-POST-201",
            "resource_id": "bvctwb",
            "response_models": null,
            "response_parameters": null,
            "rest_api_id": "a3klckvq94",
            "status_code": "201"
          },
          "sensitive_attributes": [],
          "private": "bnVsbA==",
          "dependencies": [
            "aws_api_gateway_method.payment_method",
            "aws_api_gateway_resource.payment_resource",
            "aws_api_gateway_rest_api.challenge_api"
          ]
        }
      ]
    },
    {
      "mode": "managed",
      "type": "aws_api_gateway_resource",
      "name": "payment_resource",
      "provider": "provider[\"registry.terraform.io/hashicorp/aws\"]",
      "instances": [
        {
          "schema_version": 0,
          "attributes": {
            "id": "bvctwb",
            "parent_id": "sdasxzzsdh",
            "path": "/payments",
            "path_part": "payments",
            "rest_api_id": "a3klckvq94"
          },
          "sensitive_attributes": [],
          "private": "bnVsbA==",
          "dependencies": [
            "aws_api_gateway_rest_api.challenge_api"
          ]
        }
      ]
    },
    {
      "mode": "managed",
      "type": "aws_api_gateway_rest_api",
      "name": "challenge_api",
      "provider": "provider[\"registry.terraform.io/hashicorp/aws\"]",
      "instances": [
        {
          "schema_version": 0,
          "attributes": {
            "api_key_source": "HEADER",
            "arn": "arn:aws:apigateway:us-east-2::/restapis/a3klckvq94",
            "binary_media_types": [],
            "body": null,
            "created_date": "2024-07-17T22:28:57Z",
            "description": "",
            "disable_execute_api_endpoint": false,
            "endpoint_configuration": [
              {
                "types": [
                  "EDGE"
                ],
                "vpc_endpoint_ids": []
              }
            ],
            "execution_arn": "arn:aws:execute-api:us-east-2:430767575751:a3klckvq94",
            "fail_on_warnings": null,
            "id": "a3klckvq94",
            "minimum_compression_size": "",
            "name": "tf-challenge-api",
            "parameters": null,
            "policy": "",
            "put_rest_api_mode": null,
            "root_resource_id": "sdasxzzsdh",
            "tags": null,
            "tags_all": {}
          },
          "sensitive_attributes": [],
          "private": "bnVsbA=="
        }
      ]
    },
    {
      "mode": "managed",
      "type": "aws_cloudwatch_log_group",
      "name": "apigateway",
      "provider": "provider[\"registry.terraform.io/hashicorp/aws\"]",
      "instances": [
        {
          "schema_version": 0,
          "attributes": {
            "arn": "arn:aws:logs:us-east-2:430767575751:log-group:/aws/apigateway/tf-challenge-api",
            "id": "/aws/apigateway/tf-challenge-api",
            "kms_key_id": "",
            "log_group_class": "STANDARD",
            "name": "/aws/apigateway/tf-challenge-api",
            "name_prefix": "",
            "retention_in_days": 3,
            "skip_destroy": false,
            "tags": null,
            "tags_all": {}
          },
          "sensitive_attributes": [],
          "private": "bnVsbA==",
          "dependencies": [
            "aws_api_gateway_rest_api.challenge_api"
          ]
        }
      ]
    },
    {
      "mode": "managed",
      "type": "aws_cloudwatch_log_group",
      "name": "payment_state_machine_log_group_v1",
      "provider": "provider[\"registry.terraform.io/hashicorp/aws\"]",
      "instances": [
        {
          "schema_version": 0,
          "attributes": {
            "arn": "arn:aws:logs:us-east-2:430767575751:log-group:/aws/vendedlogs/states/payments-state-machine-log-group",
            "id": "/aws/vendedlogs/states/payments-state-machine-log-group",
            "kms_key_id": "",
            "log_group_class": "STANDARD",
            "name": "/aws/vendedlogs/states/payments-state-machine-log-group",
            "name_prefix": "",
            "retention_in_days": 1,
            "skip_destroy": false,
            "tags": null,
            "tags_all": {}
          },
          "sensitive_attributes": [],
          "private": "bnVsbA=="
        }
      ]
    },
    {
      "mode": "managed",
      "type": "aws_dynamodb_table",
      "name": "activity",
      "provider": "provider[\"registry.terraform.io/hashicorp/aws\"]",
      "instances": [
        {
          "schema_version": 1,
          "attributes": {
            "arn": "arn:aws:dynamodb:us-east-2:430767575751:table/tf-activity",
            "attribute": [
              {
                "name": "acivityId",
                "type": "S"
              },
              {
                "name": "userId",
                "type": "S"
              }
            ],
            "billing_mode": "PAY_PER_REQUEST",
            "deletion_protection_enabled": false,
            "global_secondary_index": [],
            "hash_key": "acivityId",
            "id": "tf-activity",
            "import_table": [],
            "local_secondary_index": [],
            "name": "tf-activity",
            "point_in_time_recovery": [
              {
                "enabled": false
              }
            ],
            "range_key": "userId",
            "read_capacity": 0,
            "replica": [],
            "restore_date_time": null,
            "restore_source_name": null,
            "restore_to_latest_time": null,
            "server_side_encryption": [],
            "stream_arn": "",
            "stream_enabled": false,
            "stream_label": "",
            "stream_view_type": "",
            "table_class": "STANDARD",
            "tags": null,
            "tags_all": {},
            "timeouts": null,
            "ttl": [
              {
                "attribute_name": "",
                "enabled": false
              }
            ],
            "write_capacity": 0
          },
          "sensitive_attributes": [],
          "private": "eyJlMmJmYjczMC1lY2FhLTExZTYtOGY4OC0zNDM2M2JjN2M0YzAiOnsiY3JlYXRlIjoxODAwMDAwMDAwMDAwLCJkZWxldGUiOjYwMDAwMDAwMDAwMCwidXBkYXRlIjozNjAwMDAwMDAwMDAwfSwic2NoZW1hX3ZlcnNpb24iOiIxIn0="
        }
      ]
    },
    {
      "mode": "managed",
      "type": "aws_dynamodb_table",
      "name": "transactions",
      "provider": "provider[\"registry.terraform.io/hashicorp/aws\"]",
      "instances": [
        {
          "schema_version": 1,
          "attributes": {
            "arn": "arn:aws:dynamodb:us-east-2:430767575751:table/tf-transactions",
            "attribute": [
              {
                "name": "transactionId",
                "type": "S"
              }
            ],
            "billing_mode": "PAY_PER_REQUEST",
            "deletion_protection_enabled": false,
            "global_secondary_index": [],
            "hash_key": "transactionId",
            "id": "tf-transactions",
            "import_table": [],
            "local_secondary_index": [],
            "name": "tf-transactions",
            "point_in_time_recovery": [
              {
                "enabled": false
              }
            ],
            "range_key": null,
            "read_capacity": 0,
            "replica": [],
            "restore_date_time": null,
            "restore_source_name": null,
            "restore_to_latest_time": null,
            "server_side_encryption": [],
            "stream_arn": "arn:aws:dynamodb:us-east-2:430767575751:table/tf-transactions/stream/2024-07-17T22:28:59.833",
            "stream_enabled": true,
            "stream_label": "2024-07-17T22:28:59.833",
            "stream_view_type": "NEW_IMAGE",
            "table_class": "STANDARD",
            "tags": null,
            "tags_all": {},
            "timeouts": null,
            "ttl": [
              {
                "attribute_name": "",
                "enabled": false
              }
            ],
            "write_capacity": 0
          },
          "sensitive_attributes": [],
          "private": "eyJlMmJmYjczMC1lY2FhLTExZTYtOGY4OC0zNDM2M2JjN2M0YzAiOnsiY3JlYXRlIjoxODAwMDAwMDAwMDAwLCJkZWxldGUiOjYwMDAwMDAwMDAwMCwidXBkYXRlIjozNjAwMDAwMDAwMDAwfSwic2NoZW1hX3ZlcnNpb24iOiIxIn0="
        }
      ]
    },
    {
      "mode": "managed",
      "type": "aws_dynamodb_table",
      "name": "users",
      "provider": "provider[\"registry.terraform.io/hashicorp/aws\"]",
      "instances": [
        {
          "schema_version": 1,
          "attributes": {
            "arn": "arn:aws:dynamodb:us-east-2:430767575751:table/tf-users",
            "attribute": [
              {
                "name": "userId",
                "type": "S"
              }
            ],
            "billing_mode": "PAY_PER_REQUEST",
            "deletion_protection_enabled": false,
            "global_secondary_index": [],
            "hash_key": "userId",
            "id": "tf-users",
            "import_table": [],
            "local_secondary_index": [],
            "name": "tf-users",
            "point_in_time_recovery": [
              {
                "enabled": false
              }
            ],
            "range_key": null,
            "read_capacity": 0,
            "replica": [],
            "restore_date_time": null,
            "restore_source_name": null,
            "restore_to_latest_time": null,
            "server_side_encryption": [],
            "stream_arn": "",
            "stream_enabled": false,
            "stream_label": "",
            "stream_view_type": "",
            "table_class": "STANDARD",
            "tags": null,
            "tags_all": {},
            "timeouts": null,
            "ttl": [
              {
                "attribute_name": "",
                "enabled": false
              }
            ],
            "write_capacity": 0
          },
          "sensitive_attributes": [],
          "private": "eyJlMmJmYjczMC1lY2FhLTExZTYtOGY4OC0zNDM2M2JjN2M0YzAiOnsiY3JlYXRlIjoxODAwMDAwMDAwMDAwLCJkZWxldGUiOjYwMDAwMDAwMDAwMCwidXBkYXRlIjozNjAwMDAwMDAwMDAwfSwic2NoZW1hX3ZlcnNpb24iOiIxIn0="
        }
      ]
    },
    {
      "mode": "managed",
      "type": "aws_dynamodb_table_item",
      "name": "user1",
      "provider": "provider[\"registry.terraform.io/hashicorp/aws\"]",
      "instances": [
        {
          "schema_version": 0,
          "attributes": {
            "hash_key": "userId",
            "id": "tf-users|userId|f529177d-0521-414e-acd9-6ac840549e97",
            "item": "{\n  \"name\": {\"S\": \"Pedro\"},\n  \"userId\": {\"S\": \"f529177d-0521-414e-acd9-6ac840549e97\"},\n  \"lastName\": {\"S\": \"Suarez\"}\n}\n",
            "range_key": null,
            "table_name": "tf-users"
          },
          "sensitive_attributes": [],
          "private": "bnVsbA==",
          "dependencies": [
            "aws_dynamodb_table.users"
          ]
        }
      ]
    },
    {
      "mode": "managed",
      "type": "aws_dynamodb_table_item",
      "name": "user2",
      "provider": "provider[\"registry.terraform.io/hashicorp/aws\"]",
      "instances": [
        {
          "schema_version": 0,
          "attributes": {
            "hash_key": "userId",
            "id": "tf-users|userId|15f1c60a-2833-49b7-8660-065b58be2f89",
            "item": "{\n  \"name\": {\"S\": \"Andrea\"},\n  \"userId\": {\"S\": \"15f1c60a-2833-49b7-8660-065b58be2f89\"},\n  \"lastName\": {\"S\": \"Vargas\"}\n}\n",
            "range_key": null,
            "table_name": "tf-users"
          },
          "sensitive_attributes": [],
          "private": "bnVsbA==",
          "dependencies": [
            "aws_dynamodb_table.users"
          ]
        }
      ]
    },
    {
      "mode": "managed",
      "type": "aws_iam_policy",
      "name": "dynamodb_read_log_policy",
      "provider": "provider[\"registry.terraform.io/hashicorp/aws\"]",
      "instances": [
        {
          "schema_version": 0,
          "attributes": {
            "arn": "arn:aws:iam::430767575751:policy/dynamodb-policy-attachment",
            "attachment_count": 0,
            "description": "Policy for the dynamo db stream",
            "id": "arn:aws:iam::430767575751:policy/dynamodb-policy-attachment",
            "name": "dynamodb-policy-attachment",
            "name_prefix": "",
            "path": "/",
            "policy": "{\"Statement\":[{\"Action\":[\"dynamodb:UpdateItem\",\"dynamodb:Scan\",\"dynamodb:Query\",\"dynamodb:PutItem\",\"dynamodb:ListStreams\",\"dynamodb:GetShardIterator\",\"dynamodb:GetRecords\",\"dynamodb:GetItem\",\"dynamodb:DescribeStream\",\"dynamodb:DeleteItem\",\"dynamodb:BatchWriteItem\",\"dynamodb:BatchGetItem\"],\"Effect\":\"Allow\",\"Resource\":\"*\"},{\"Action\":\"logs:*\",\"Effect\":\"Allow\",\"Resource\":\"*\"}],\"Version\":\"2012-10-17\"}",
            "policy_id": "ANPAWIS57SLDSLM7FBLE7",
            "tags": null,
            "tags_all": {}
          },
          "sensitive_attributes": [],
          "private": "bnVsbA==",
          "dependencies": [
            "data.aws_iam_policy_document.dynamodb_read_log_policy_document"
          ]
        }
      ]
    },
    {
      "mode": "managed",
      "type": "aws_iam_policy",
      "name": "state_machine_logs_policy",
      "provider": "provider[\"registry.terraform.io/hashicorp/aws\"]",
      "instances": [
        {
          "schema_version": 0,
          "attributes": {
            "arn": "arn:aws:iam::430767575751:policy/ste-function-policy-attachment",
            "attachment_count": 0,
            "description": "Policy for the state machine",
            "id": "arn:aws:iam::430767575751:policy/ste-function-policy-attachment",
            "name": "ste-function-policy-attachment",
            "name_prefix": "",
            "path": "/",
            "policy": "{\"Statement\":[{\"Action\":[\"logs:UpdateLogDelivery\",\"logs:PutResourcePolicy\",\"logs:ListLogDeliveries\",\"logs:GetLogDelivery\",\"logs:DescribeResourcePolicies\",\"logs:DeleteLogDelivery\",\"logs:CreateLogDelivery\"],\"Effect\":\"Allow\",\"Resource\":\"*\"},{\"Action\":[\"logs:PutLogEvents\",\"logs:PutDestinationPolicy\",\"logs:PutDestination\"],\"Effect\":\"Allow\",\"Resource\":\"arn:aws:logs:us-east-2:430767575751:log-group:/aws/vendedlogs/states/payments-state-machine-log-group:*\"},{\"Action\":\"dynamodb:GetItem\",\"Effect\":\"Allow\",\"Resource\":\"arn:aws:dynamodb:us-east-2:430767575751:table/tf-users\"},{\"Action\":\"dynamodb:PutItem\",\"Effect\":\"Allow\",\"Resource\":\"arn:aws:dynamodb:us-east-2:430767575751:table/tf-transactions\"},{\"Action\":\"lambda:InvokeFunction\",\"Effect\":\"Allow\",\"Resource\":\"arn:aws:lambda:us-east-2:430767575751:function:execute_payments_lambda_function\"}],\"Version\":\"2012-10-17\"}",
            "policy_id": "ANPAWIS57SLDYAXVV3AAS",
            "tags": null,
            "tags_all": {}
          },
          "sensitive_attributes": [],
          "private": "bnVsbA==",
          "dependencies": [
            "aws_cloudwatch_log_group.payment_state_machine_log_group_v1",
            "aws_dynamodb_table.transactions",
            "aws_dynamodb_table.users",
            "aws_iam_role.lambda_role",
            "aws_lambda_function.v0_execute_payment_lambda",
            "data.archive_file.execute_payments_lambda_function",
            "data.aws_iam_policy_document.state_machine_logs_policy_document"
          ]
        }
      ]
    },
    {
      "mode": "managed",
      "type": "aws_iam_role",
      "name": "api_gateway_invoke_step_functions_role",
      "provider": "provider[\"registry.terraform.io/hashicorp/aws\"]",
      "instances": [
        {
          "schema_version": 0,
          "attributes": {
            "arn": "arn:aws:iam::430767575751:role/api-gateway-invoke-step-functions-role",
            "assume_role_policy": "{\"Statement\":[{\"Action\":\"sts:AssumeRole\",\"Effect\":\"Allow\",\"Principal\":{\"Service\":\"apigateway.amazonaws.com\"}}],\"Version\":\"2012-10-17\"}",
            "create_date": "2024-07-17T22:28:57Z",
            "description": "",
            "force_detach_policies": false,
            "id": "api-gateway-invoke-step-functions-role",
            "inline_policy": [],
            "managed_policy_arns": [],
            "max_session_duration": 3600,
            "name": "api-gateway-invoke-step-functions-role",
            "name_prefix": "",
            "path": "/",
            "permissions_boundary": "",
            "tags": null,
            "tags_all": {},
            "unique_id": "AROAWIS57SLDR5HGMGLJI"
          },
          "sensitive_attributes": [],
          "private": "bnVsbA=="
        }
      ]
    },
    {
      "mode": "managed",
      "type": "aws_iam_role",
      "name": "lambda_assume_role",
      "provider": "provider[\"registry.terraform.io/hashicorp/aws\"]",
      "instances": [
        {
          "schema_version": 0,
          "attributes": {
            "arn": "arn:aws:iam::430767575751:role/lambda-dynamodb-role",
            "assume_role_policy": "{\"Statement\":[{\"Action\":\"sts:AssumeRole\",\"Effect\":\"Allow\",\"Principal\":{\"Service\":\"lambda.amazonaws.com\"},\"Sid\":\"LambdaAssumeRole\"}],\"Version\":\"2012-10-17\"}",
            "create_date": "2024-07-17T22:28:57Z",
            "description": "",
            "force_detach_policies": false,
            "id": "lambda-dynamodb-role",
            "inline_policy": [],
            "managed_policy_arns": [],
            "max_session_duration": 3600,
            "name": "lambda-dynamodb-role",
            "name_prefix": "",
            "path": "/",
            "permissions_boundary": "",
            "tags": null,
            "tags_all": {},
            "unique_id": "AROAWIS57SLD73PTWWKBT"
          },
          "sensitive_attributes": [],
          "private": "bnVsbA=="
        }
      ]
    },
    {
      "mode": "managed",
      "type": "aws_iam_role",
      "name": "lambda_role",
      "provider": "provider[\"registry.terraform.io/hashicorp/aws\"]",
      "instances": [
        {
          "schema_version": 0,
          "attributes": {
            "arn": "arn:aws:iam::430767575751:role/lambda_role",
            "assume_role_policy": "{\"Statement\":[{\"Action\":\"sts:AssumeRole\",\"Effect\":\"Allow\",\"Principal\":{\"Service\":\"lambda.amazonaws.com\"}}],\"Version\":\"2012-10-17\"}",
            "create_date": "2024-07-17T22:28:57Z",
            "description": "",
            "force_detach_policies": false,
            "id": "lambda_role",
            "inline_policy": [],
            "managed_policy_arns": [],
            "max_session_duration": 3600,
            "name": "lambda_role",
            "name_prefix": "",
            "path": "/",
            "permissions_boundary": "",
            "tags": null,
            "tags_all": {},
            "unique_id": "AROAWIS57SLDZRR6CTSOB"
          },
          "sensitive_attributes": [],
          "private": "bnVsbA=="
        }
      ]
    },
    {
      "mode": "managed",
      "type": "aws_iam_role",
      "name": "step_function_role",
      "provider": "provider[\"registry.terraform.io/hashicorp/aws\"]",
      "instances": [
        {
          "schema_version": 0,
          "attributes": {
            "arn": "arn:aws:iam::430767575751:role/StepFunctionRole",
            "assume_role_policy": "{\"Statement\":[{\"Action\":\"sts:AssumeRole\",\"Effect\":\"Allow\",\"Principal\":{\"Service\":\"states.amazonaws.com\"}}],\"Version\":\"2012-10-17\"}",
            "create_date": "2024-07-17T22:28:57Z",
            "description": "",
            "force_detach_policies": false,
            "id": "StepFunctionRole",
            "inline_policy": [],
            "managed_policy_arns": [],
            "max_session_duration": 3600,
            "name": "StepFunctionRole",
            "name_prefix": "",
            "path": "/",
            "permissions_boundary": "",
            "tags": null,
            "tags_all": {},
            "unique_id": "AROAWIS57SLDR5KZWH3PZ"
          },
          "sensitive_attributes": [],
          "private": "bnVsbA=="
        }
      ]
    },
    {
      "mode": "managed",
      "type": "aws_iam_role_policy",
      "name": "policy_start_sfn",
      "provider": "provider[\"registry.terraform.io/hashicorp/aws\"]",
      "instances": [
        {
          "schema_version": 0,
          "attributes": {
            "id": "api-gateway-invoke-step-functions-role:terraform-20240717222858252800000001",
            "name": "terraform-20240717222858252800000001",
            "name_prefix": "terraform-",
            "policy": "{\"Version\":\"2012-10-17\",\"Statement\":[{\"Action\":[\"states:StartSyncExecution\",\"states:StartExecution\"],\"Effect\":\"Allow\",\"Resource\":\"*\",\"Sid\":\"ApiGwPolicy\"}]}",
            "role": "api-gateway-invoke-step-functions-role"
          },
          "sensitive_attributes": [],
          "private": "bnVsbA==",
          "dependencies": [
            "aws_iam_role.api_gateway_invoke_step_functions_role",
            "data.aws_iam_policy_document.policy_start_sfn"
          ]
        }
      ]
    },
    {
      "mode": "managed",
      "type": "aws_iam_role_policy_attachment",
      "name": "dynamodb_read_logs_policy_attachment",
      "provider": "provider[\"registry.terraform.io/hashicorp/aws\"]",
      "instances": [
        {
          "schema_version": 0,
          "attributes": {
            "id": "lambda-dynamodb-role-20240717222858415100000002",
            "policy_arn": "arn:aws:iam::430767575751:policy/dynamodb-policy-attachment",
            "role": "lambda-dynamodb-role"
          },
          "sensitive_attributes": [],
          "private": "bnVsbA==",
          "dependencies": [
            "aws_iam_policy.dynamodb_read_log_policy",
            "aws_iam_role.lambda_assume_role",
            "data.aws_iam_policy_document.dynamodb_read_log_policy_document"
          ]
        }
      ]
    },
    {
      "mode": "managed",
      "type": "aws_iam_role_policy_attachment",
      "name": "state_machine_logs_policy_attachment",
      "provider": "provider[\"registry.terraform.io/hashicorp/aws\"]",
      "instances": [
        {
          "schema_version": 0,
          "attributes": {
            "id": "StepFunctionRole-20240717222913769900000003",
            "policy_arn": "arn:aws:iam::430767575751:policy/ste-function-policy-attachment",
            "role": "StepFunctionRole"
          },
          "sensitive_attributes": [],
          "private": "bnVsbA==",
          "dependencies": [
            "aws_cloudwatch_log_group.payment_state_machine_log_group_v1",
            "aws_dynamodb_table.transactions",
            "aws_dynamodb_table.users",
            "aws_iam_policy.state_machine_logs_policy",
            "aws_iam_role.lambda_role",
            "aws_iam_role.step_function_role",
            "aws_lambda_function.v0_execute_payment_lambda",
            "data.archive_file.execute_payments_lambda_function",
            "data.aws_iam_policy_document.state_machine_logs_policy_document"
          ]
        }
      ]
    },
    {
      "mode": "managed",
      "type": "aws_lambda_event_source_mapping",
      "name": "register_activity_stream_mapping",
      "provider": "provider[\"registry.terraform.io/hashicorp/aws\"]",
      "instances": [
        {
          "schema_version": 0,
          "attributes": {
            "amazon_managed_kafka_event_source_config": [],
            "batch_size": 100,
            "bisect_batch_on_function_error": false,
            "destination_config": [
              {
                "on_failure": [
                  {
                    "destination_arn": null
                  }
                ]
              }
            ],
            "document_db_event_source_config": [],
            "enabled": true,
            "event_source_arn": "arn:aws:dynamodb:us-east-2:430767575751:table/tf-transactions/stream/2024-07-17T22:28:59.833",
            "filter_criteria": [],
            "function_arn": "arn:aws:lambda:us-east-2:430767575751:function:v0_register_activity_lambda",
            "function_name": "arn:aws:lambda:us-east-2:430767575751:function:v0_register_activity_lambda",
            "function_response_types": null,
            "id": "60eceea1-db9c-445f-9864-6b5c69cf7e36",
            "last_modified": "2024-07-17T22:29:00Z",
            "last_processing_result": "No records processed",
            "maximum_batching_window_in_seconds": 0,
            "maximum_record_age_in_seconds": -1,
            "maximum_retry_attempts": -1,
            "parallelization_factor": 1,
            "queues": null,
            "scaling_config": [],
            "self_managed_event_source": [],
            "self_managed_kafka_event_source_config": [],
            "source_access_configuration": [],
            "starting_position": "LATEST",
            "starting_position_timestamp": "",
            "state": "Enabled",
            "state_transition_reason": "User action",
            "topics": null,
            "tumbling_window_in_seconds": 0,
            "uuid": "60eceea1-db9c-445f-9864-6b5c69cf7e36"
          },
          "sensitive_attributes": [],
          "private": "bnVsbA==",
          "dependencies": [
            "aws_dynamodb_table.activity",
            "aws_dynamodb_table.transactions",
            "aws_iam_role.lambda_assume_role",
            "aws_lambda_function.v0_register_activity_lambda",
            "data.archive_file.register_activity_lambda_function"
          ]
        }
      ]
    },
    {
      "mode": "managed",
      "type": "aws_lambda_function",
      "name": "v0_execute_payment_lambda",
      "provider": "provider[\"registry.terraform.io/hashicorp/aws\"]",
      "instances": [
        {
          "schema_version": 0,
          "attributes": {
            "architectures": [
              "x86_64"
            ],
            "arn": "arn:aws:lambda:us-east-2:430767575751:function:execute_payments_lambda_function",
            "code_sha256": "+/SgSRHDzzSUBBDgN8l1iNvI2c7V8iWHelIuzkF6+R0=",
            "code_signing_config_arn": "",
            "dead_letter_config": [],
            "description": "Executes payment lambda",
            "environment": [
              {
                "variables": {
                  "foo": "bar"
                }
              }
            ],
            "ephemeral_storage": [
              {
                "size": 512
              }
            ],
            "file_system_config": [],
            "filename": "execute_payments.zip",
            "function_name": "execute_payments_lambda_function",
            "handler": "index.handler",
            "id": "execute_payments_lambda_function",
            "image_config": [],
            "image_uri": "",
            "invoke_arn": "arn:aws:apigateway:us-east-2:lambda:path/2015-03-31/functions/arn:aws:lambda:us-east-2:430767575751:function:execute_payments_lambda_function/invocations",
            "kms_key_arn": "",
            "last_modified": "2024-07-17T22:29:07.216+0000",
            "layers": null,
            "logging_config": [
              {
                "application_log_level": "",
                "log_format": "Text",
                "log_group": "/aws/lambda/execute_payments_lambda_function",
                "system_log_level": ""
              }
            ],
            "memory_size": 128,
            "package_type": "Zip",
            "publish": false,
            "qualified_arn": "arn:aws:lambda:us-east-2:430767575751:function:execute_payments_lambda_function:$LATEST",
            "qualified_invoke_arn": "arn:aws:apigateway:us-east-2:lambda:path/2015-03-31/functions/arn:aws:lambda:us-east-2:430767575751:function:execute_payments_lambda_function:$LATEST/invocations",
            "replace_security_groups_on_destroy": null,
            "replacement_security_group_ids": null,
            "reserved_concurrent_executions": -1,
            "role": "arn:aws:iam::430767575751:role/lambda_role",
            "runtime": "nodejs18.x",
            "s3_bucket": null,
            "s3_key": null,
            "s3_object_version": null,
            "signing_job_arn": "",
            "signing_profile_version_arn": "",
            "skip_destroy": false,
            "snap_start": [],
            "source_code_hash": "+/SgSRHDzzSUBBDgN8l1iNvI2c7V8iWHelIuzkF6+R0=",
            "source_code_size": 1328,
            "tags": null,
            "tags_all": {},
            "timeout": 3,
            "timeouts": null,
            "tracing_config": [
              {
                "mode": "PassThrough"
              }
            ],
            "version": "$LATEST",
            "vpc_config": []
          },
          "sensitive_attributes": [],
          "private": "eyJlMmJmYjczMC1lY2FhLTExZTYtOGY4OC0zNDM2M2JjN2M0YzAiOnsiY3JlYXRlIjo2MDAwMDAwMDAwMDAsImRlbGV0ZSI6NjAwMDAwMDAwMDAwLCJ1cGRhdGUiOjYwMDAwMDAwMDAwMH19",
          "dependencies": [
            "aws_iam_role.lambda_role",
            "data.archive_file.execute_payments_lambda_function"
          ]
        }
      ]
    },
    {
      "mode": "managed",
      "type": "aws_lambda_function",
      "name": "v0_register_activity_lambda",
      "provider": "provider[\"registry.terraform.io/hashicorp/aws\"]",
      "instances": [
        {
          "schema_version": 0,
          "attributes": {
            "architectures": [
              "x86_64"
            ],
            "arn": "arn:aws:lambda:us-east-2:430767575751:function:v0_register_activity_lambda",
            "code_sha256": "UbpAfGUgniDZwAaqIEPAISiYFC8YPWQg4wAff50qQoQ=",
            "code_signing_config_arn": "",
            "dead_letter_config": [],
            "description": "Register activity lambda",
            "environment": [
              {
                "variables": {
                  "ACTIVITY_TABLE_NAME": "tf-activity"
                }
              }
            ],
            "ephemeral_storage": [
              {
                "size": 512
              }
            ],
            "file_system_config": [],
            "filename": "register_activity.zip",
            "function_name": "v0_register_activity_lambda",
            "handler": "index.handler",
            "id": "v0_register_activity_lambda",
            "image_config": [],
            "image_uri": "",
            "invoke_arn": "arn:aws:apigateway:us-east-2:lambda:path/2015-03-31/functions/arn:aws:lambda:us-east-2:430767575751:function:v0_register_activity_lambda/invocations",
            "kms_key_arn": "",
            "last_modified": "2024-07-17T22:29:13.382+0000",
            "layers": null,
            "logging_config": [
              {
                "application_log_level": "",
                "log_format": "Text",
                "log_group": "/aws/lambda/v0_register_activity_lambda",
                "system_log_level": ""
              }
            ],
            "memory_size": 128,
            "package_type": "Zip",
            "publish": false,
            "qualified_arn": "arn:aws:lambda:us-east-2:430767575751:function:v0_register_activity_lambda:$LATEST",
            "qualified_invoke_arn": "arn:aws:apigateway:us-east-2:lambda:path/2015-03-31/functions/arn:aws:lambda:us-east-2:430767575751:function:v0_register_activity_lambda:$LATEST/invocations",
            "replace_security_groups_on_destroy": null,
            "replacement_security_group_ids": null,
            "reserved_concurrent_executions": -1,
            "role": "arn:aws:iam::430767575751:role/lambda-dynamodb-role",
            "runtime": "nodejs18.x",
            "s3_bucket": null,
            "s3_key": null,
            "s3_object_version": null,
            "signing_job_arn": "",
            "signing_profile_version_arn": "",
            "skip_destroy": false,
            "snap_start": [],
            "source_code_hash": "UbpAfGUgniDZwAaqIEPAISiYFC8YPWQg4wAff50qQoQ=",
            "source_code_size": 2085,
            "tags": null,
            "tags_all": {},
            "timeout": 3,
            "timeouts": null,
            "tracing_config": [
              {
                "mode": "PassThrough"
              }
            ],
            "version": "$LATEST",
            "vpc_config": []
          },
          "sensitive_attributes": [],
          "private": "eyJlMmJmYjczMC1lY2FhLTExZTYtOGY4OC0zNDM2M2JjN2M0YzAiOnsiY3JlYXRlIjo2MDAwMDAwMDAwMDAsImRlbGV0ZSI6NjAwMDAwMDAwMDAwLCJ1cGRhdGUiOjYwMDAwMDAwMDAwMH19",
          "dependencies": [
            "aws_dynamodb_table.activity",
            "aws_iam_role.lambda_assume_role",
            "data.archive_file.register_activity_lambda_function"
          ]
        }
      ]
    },
    {
      "mode": "managed",
      "type": "aws_sfn_state_machine",
      "name": "v1_payment_state_machine",
      "provider": "provider[\"registry.terraform.io/hashicorp/aws\"]",
      "instances": [
        {
          "schema_version": 0,
          "attributes": {
            "arn": "arn:aws:states:us-east-2:430767575751:stateMachine:v1_payment_state_machine",
            "creation_date": "2024-07-17T22:29:30Z",
            "definition": "{\n  \"StartAt\": \"Validate User\",\n  \"States\": {\n    \"Validate User\": {\n      \"Type\": \"Pass\",\n      \"Next\": \"Get User By Id\"\n    },\n    \"Get User By Id\": {\n      \"Next\": \"User validation success?\",\n      \"Type\": \"Task\",\n      \"ResultPath\": \"$.dynamodGetItemResponse\",\n      \"Resource\": \"arn:aws:states:::dynamodb:getItem\",\n      \"Parameters\": {\n        \"Key\": {\n          \"userId\": {\n            \"S.$\": \"$.userId\"\n          }\n        },\n        \"TableName\": \"tf-users\",\n        \"ConsistentRead\": false\n      }\n    },\n    \"User validation success?\": {\n      \"Type\": \"Choice\",\n      \"Choices\": [\n        {\n          \"Variable\": \"$.dynamodGetItemResponse.Item\",\n          \"IsPresent\": false,\n          \"Next\": \"Something was wrong\"\n        }\n      ],\n      \"Default\": \"Unmarshal DynamoDB user response\"\n    },\n    \"Unmarshal DynamoDB user response\": {\n      \"Type\": \"Pass\",\n      \"ResultPath\": \"$.user\",\n      \"InputPath\": \"$.dynamodGetItemResponse.Item\",\n      \"Parameters\": {\n        \"userId.$\": \"$.userId.S\",\n        \"name.$\": \"$.name.S\",\n        \"lastName.$\": \"$.lastName.S\"\n      },\n      \"Next\": \"Execute Payments Lambda\"\n    },\n    \"Execute Payments Lambda\": {\n      \"Next\": \"Save transaction Into DynamoDB\",\n      \"Retry\": [\n        {\n          \"ErrorEquals\": [\n            \"Lambda.ClientExecutionTimeoutException\",\n            \"Lambda.ServiceException\",\n            \"Lambda.AWSLambdaException\",\n            \"Lambda.SdkClientException\"\n          ],\n          \"IntervalSeconds\": 2,\n          \"MaxAttempts\": 6,\n          \"BackoffRate\": 2\n        }\n      ],\n      \"Type\": \"Task\",\n      \"OutputPath\": \"$.Payload\",\n      \"Resource\": \"arn:aws:states:::lambda:invoke\",\n      \"Parameters\": {\n        \"FunctionName\": \"arn:aws:lambda:us-east-2:430767575751:function:execute_payments_lambda_function\",\n        \"Payload\": {\n          \"user.$\": \"$.user\",\n          \"amount.$\": \"$.amount\"\n        }\n      }\n    },\n    \"Save transaction Into DynamoDB\": {\n      \"Next\": \"Payment execution success?\",\n      \"Type\": \"Task\",\n      \"ResultPath\": \"$.putItemResponse\",\n      \"Resource\": \"arn:aws:states:::dynamodb:putItem\",\n      \"Parameters\": {\n        \"Item\": {\n          \"userId\": {\n            \"S.$\": \"$.user.userId\"\n          },\n          \"transactionId\": {\n            \"S.$\": \"$.transaction.transactionId\"\n          },\n          \"amount\": {\n            \"S.$\": \"$.transaction.amount\"\n          }\n        },\n        \"TableName\": \"tf-transactions\"\n      }\n    },\n    \"Payment execution success?\": {\n      \"Type\": \"Choice\",\n      \"Choices\": [\n        {\n          \"Variable\": \"$.putItemResponse.SdkHttpMetadata.HttpStatusCode\",\n          \"NumericEquals\": 200,\n          \"Next\": \"Success\"\n        }\n      ],\n      \"Default\": \"Something was wrong\"\n    },\n    \"Something was wrong\": {\n      \"Type\": \"Fail\",\n      \"Cause\": \"Something was wrong\"\n    },\n    \"Success\": {\n      \"Type\": \"Pass\",\n      \"Parameters\": {\n        \"type\": 1,\n        \"value\": {\n          \"message\": \"Payment registered successfully\",\n          \"transactionId.$\": \"$.transaction.transactionId\"\n        }\n      },\n      \"End\": true\n    }\n  }\n}\n",
            "description": "",
            "id": "arn:aws:states:us-east-2:430767575751:stateMachine:v1_payment_state_machine",
            "logging_configuration": [
              {
                "include_execution_data": true,
                "level": "ALL",
                "log_destination": "arn:aws:logs:us-east-2:430767575751:log-group:/aws/vendedlogs/states/payments-state-machine-log-group:*"
              }
            ],
            "name": "v1_payment_state_machine",
            "name_prefix": "",
            "publish": false,
            "revision_id": "",
            "role_arn": "arn:aws:iam::430767575751:role/StepFunctionRole",
            "state_machine_version_arn": "",
            "status": "ACTIVE",
            "tags": null,
            "tags_all": {},
            "timeouts": null,
            "tracing_configuration": [
              {
                "enabled": false
              }
            ],
            "type": "EXPRESS",
            "version_description": null
          },
          "sensitive_attributes": [],
          "private": "eyJlMmJmYjczMC1lY2FhLTExZTYtOGY4OC0zNDM2M2JjN2M0YzAiOnsiY3JlYXRlIjozMDAwMDAwMDAwMDAsImRlbGV0ZSI6MzAwMDAwMDAwMDAwLCJ1cGRhdGUiOjYwMDAwMDAwMDAwfX0=",
          "dependencies": [
            "aws_cloudwatch_log_group.payment_state_machine_log_group_v1",
            "aws_dynamodb_table.transactions",
            "aws_dynamodb_table.users",
            "aws_iam_role.lambda_role",
            "aws_iam_role.step_function_role",
            "aws_lambda_function.v0_execute_payment_lambda",
            "data.archive_file.execute_payments_lambda_function"
          ]
        }
      ]
    }
  ],
  "check_results": null
}
